{
  "version": "5",
  "specifiers": {
    "jsr:@std/assert@^1.0.7": "1.0.7",
    "jsr:@std/cli@1.0.21": "1.0.21",
    "jsr:@std/expect@*": "1.0.7",
    "jsr:@std/internal@^1.0.5": "1.0.10",
    "jsr:@std/internal@^1.0.9": "1.0.10",
    "jsr:@std/path@1.1.1": "1.1.1"
  },
  "jsr": {
    "@std/assert@1.0.7": {
      "integrity": "64ce9fac879e0b9f3042a89b3c3f8ccfc9c984391af19e2087513a79d73e28c3",
      "dependencies": [
        "jsr:@std/internal@^1.0.5"
      ]
    },
    "@std/cli@1.0.21": {
      "integrity": "cd25b050bdf6282e321854e3822bee624f07aca7636a3a76d95f77a3a919ca2a"
    },
    "@std/expect@1.0.7": {
      "integrity": "3904afa77cfe5c45dd2cd2c476e6fc5b6f57103d712890f0783d74c19d4b05a9",
      "dependencies": [
        "jsr:@std/assert",
        "jsr:@std/internal@^1.0.5"
      ]
    },
    "@std/internal@1.0.10": {
      "integrity": "e3be62ce42cab0e177c27698e5d9800122f67b766a0bea6ca4867886cbde8cf7"
    },
    "@std/path@1.1.1": {
      "integrity": "fe00026bd3a7e6a27f73709b83c607798be40e20c81dde655ce34052fd82ec76",
      "dependencies": [
        "jsr:@std/internal@^1.0.9"
      ]
    }
  },
  "workspace": {
    "dependencies": [
      "jsr:@std/cli@1.0.21",
      "jsr:@std/path@1.1.1"
    ]
  }
}
